
Microsoft Visual Studio Solution File, Format Version 12.00
# Visual Studio Version 16
VisualStudioVersion = 16.0.30803.129
MinimumVisualStudioVersion = 10.0.40219.1
Project("{9A19103F-16F7-4668-BE54-9A1E7A4F7556}") = "Api", "Api\Api.csproj", "{C66B23B6-CF23-4151-A5B4-4758178E80EB}"
EndProject
Project("{9A19103F-16F7-4668-BE54-9A1E7A4F7556}") = "Business", "Business\Business.csproj", "{FED3F781-722C-4C81-9B6C-493E1E65EF79}"
EndProject
Project("{9A19103F-16F7-4668-BE54-9A1E7A4F7556}") = "Entity", "Entity\Entity.csproj", "{9C8AF6F5-2A26-4182-B1FC-88078E01869A}"
EndProject
Project("{9A19103F-16F7-4668-BE54-9A1E7A4F7556}") = "Model", "Model\Model.csproj", "{F9AFBEB7-AC54-4F1A-9F82-91409DC9564B}"
EndProject
Project("{9A19103F-16F7-4668-BE54-9A1E7A4F7556}") = "IocServiceDemo", "IocServiceDemo\IocServiceDemo.csproj", "{919BB329-15DF-4E17-BBB7-683DFEA8908D}"
EndProject
Project("{FAE04EC0-301F-11D3-BF4B-00C04F79EFBC}") = "UnitTest", "UnitTest\UnitTest.csproj", "{53539CFA-6794-4360-A8B5-30B7F036AF8C}"
EndProject
Global
	GlobalSection(SolutionConfigurationPlatforms) = preSolution
		Debug|Any CPU = Debug|Any CPU
		Release|Any CPU = Release|Any CPU
	EndGlobalSection
	GlobalSection(ProjectConfigurationPlatforms) = postSolution
		{C66B23B6-CF23-4151-A5B4-4758178E80EB}.Debug|Any CPU.ActiveCfg = Debug|Any CPU
		{C66B23B6-CF23-4151-A5B4-4758178E80EB}.Debug|Any CPU.Build.0 = Debug|Any CPU
		{C66B23B6-CF23-4151-A5B4-4758178E80EB}.Release|Any CPU.ActiveCfg = Release|Any CPU
		{C66B23B6-CF23-4151-A5B4-4758178E80EB}.Release|Any CPU.Build.0 = Release|Any CPU
		{FED3F781-722C-4C81-9B6C-493E1E65EF79}.Debug|Any CPU.ActiveCfg = Debug|Any CPU
		{FED3F781-722C-4C81-9B6C-493E1E65EF79}.Debug|Any CPU.Build.0 = Debug|Any CPU
		{FED3F781-722C-4C81-9B6C-493E1E65EF79}.Release|Any CPU.ActiveCfg = Release|Any CPU
		{FED3F781-722C-4C81-9B6C-493E1E65EF79}.Release|Any CPU.Build.0 = Release|Any CPU
		{9C8AF6F5-2A26-4182-B1FC-88078E01869A}.Debug|Any CPU.ActiveCfg = Debug|Any CPU
		{9C8AF6F5-2A26-4182-B1FC-88078E01869A}.Debug|Any CPU.Build.0 = Debug|Any CPU
		{9C8AF6F5-2A26-4182-B1FC-88078E01869A}.Release|Any CPU.ActiveCfg = Release|Any CPU
		{9C8AF6F5-2A26-4182-B1FC-88078E01869A}.Release|Any CPU.Build.0 = Release|Any CPU
		{F9AFBEB7-AC54-4F1A-9F82-91409DC9564B}.Debug|Any CPU.ActiveCfg = Debug|Any CPU
		{F9AFBEB7-AC54-4F1A-9F82-91409DC9564B}.Debug|Any CPU.Build.0 = Debug|Any CPU
		{F9AFBEB7-AC54-4F1A-9F82-91409DC9564B}.Release|Any CPU.ActiveCfg = Release|Any CPU
		{F9AFBEB7-AC54-4F1A-9F82-91409DC9564B}.Release|Any CPU.Build.0 = Release|Any CPU
		{919BB329-15DF-4E17-BBB7-683DFEA8908D}.Debug|Any CPU.ActiveCfg = Debug|Any CPU
		{919BB329-15DF-4E17-BBB7-683DFEA8908D}.Debug|Any CPU.Build.0 = Debug|Any CPU
		{919BB329-15DF-4E17-BBB7-683DFEA8908D}.Release|Any CPU.ActiveCfg = Release|Any CPU
		{919BB329-15DF-4E17-BBB7-683DFEA8908D}.Release|Any CPU.Build.0 = Release|Any CPU
		{53539CFA-6794-4360-A8B5-30B7F036AF8C}.Debug|Any CPU.ActiveCfg = Debug|Any CPU
		{53539CFA-6794-4360-A8B5-30B7F036AF8C}.Debug|Any CPU.Build.0 = Debug|Any CPU
		{53539CFA-6794-4360-A8B5-30B7F036AF8C}.Release|Any CPU.ActiveCfg = Release|Any CPU
		{53539CFA-6794-4360-A8B5-30B7F036AF8C}.Release|Any CPU.Build.0 = Release|Any CPU
	EndGlobalSection
	GlobalSection(SolutionProperties) = preSolution
		HideSolutionNode = FALSE
	EndGlobalSection
	GlobalSection(ExtensibilityGlobals) = postSolution
		SolutionGuid = {B48529A7-364E-472F-A1FA-20F13961AFE8}
	EndGlobalSection
EndGlobal
