
Microsoft Visual Studio Solution File, Format Version 12.00
# Visual Studio Version 16
VisualStudioVersion = 16.0.29123.89
MinimumVisualStudioVersion = 10.0.40219.1
Project("{9A19103F-16F7-4668-BE54-9A1E7A4F7556}") = "IDASH", "IDASH\IDASH.csproj", "{AC324F87-E5FA-45FD-8774-F04C1520AD6A}"
EndProject
Project("{2150E333-8FDC-42A3-9474-1A3956D46DE8}") = "Library", "Library", "{A3BD36CB-6A3A-44B3-A6B7-7B4595BC0C71}"
EndProject
Project("{9A19103F-16F7-4668-BE54-9A1E7A4F7556}") = "SSH", "SSH\SSH.csproj", "{BC736A10-DF0D-4F14-A0AC-8E5A1A3FCECD}"
EndProject
Project("{2150E333-8FDC-42A3-9474-1A3956D46DE8}") = "Test", "Test", "{AFB37364-4BEB-4D04-90BE-3D57272A6035}"
EndProject
Project("{9A19103F-16F7-4668-BE54-9A1E7A4F7556}") = "TC", "Test\TC\TC.csproj", "{A2B97BA3-EE81-4098-B558-A3E697BF27C1}"
EndProject
Project("{E53339B2-1760-4266-BCC7-CA923CBCF16C}") = "docker-compose", "docker-compose.dcproj", "{8B4562A6-8D48-4E13-9606-31B7BE749489}"
EndProject
Project("{9A19103F-16F7-4668-BE54-9A1E7A4F7556}") = "DynamicDLL", "Test\DynamicDLL\DynamicDLL.csproj", "{48D3C7D5-0BA6-4E17-8D23-CB8EBD1D8FAD}"
EndProject
Project("{9A19103F-16F7-4668-BE54-9A1E7A4F7556}") = "MC", "Test\MC\MC.csproj", "{86DA0574-CF1F-4638-B4A4-BBD16990D655}"
EndProject
Project("{9A19103F-16F7-4668-BE54-9A1E7A4F7556}") = "JSC", "Test\JSC\JSC.csproj", "{59E5AE58-54DC-481C-A982-E644711F76C8}"
EndProject
Project("{2150E333-8FDC-42A3-9474-1A3956D46DE8}") = "Tools", "Tools", "{967C2599-9696-4221-8D6A-563C323EE1AD}"
EndProject
Project("{9A19103F-16F7-4668-BE54-9A1E7A4F7556}") = "T4CAGC", "Tools\T4CAGC\T4CAGC.csproj", "{735B1123-B12A-443F-A950-2FC23D4D86FE}"
EndProject
Project("{9A19103F-16F7-4668-BE54-9A1E7A4F7556}") = "Library.Elasticsearch", "Library\Elasticsearch\Library.Elasticsearch.csproj", "{7AB52259-B553-42BC-BC55-B46B93F51AD8}"
EndProject
Project("{9A19103F-16F7-4668-BE54-9A1E7A4F7556}") = "Library.Baidu", "Library\Baidu\Library.Baidu.csproj", "{EE589C9E-AD60-4BA9-8701-C8936359E349}"
EndProject
Project("{9A19103F-16F7-4668-BE54-9A1E7A4F7556}") = "Library.Cache", "Library\Cache\Library.Cache.csproj", "{8DF79E23-C6BC-45D3-B31B-4D3B8D8F9ACE}"
EndProject
Project("{9A19103F-16F7-4668-BE54-9A1E7A4F7556}") = "Library.Configuration", "Library\Configuration\Library.Configuration.csproj", "{F75D1FE3-7325-4C29-9E95-DD6A6B2AD5F7}"
EndProject
Project("{9A19103F-16F7-4668-BE54-9A1E7A4F7556}") = "Library.Container", "Library\Container\Library.Container.csproj", "{956E5632-AA9F-4F95-9A17-96274A31E24F}"
EndProject
Project("{9A19103F-16F7-4668-BE54-9A1E7A4F7556}") = "Library.DataMapping", "Library\DataMapping\Library.DataMapping.csproj", "{87149411-2DE8-439B-B521-EECB2112E6F3}"
EndProject
Project("{9A19103F-16F7-4668-BE54-9A1E7A4F7556}") = "Library.DataSearch", "Library\DataSearch\Library.DataSearch.csproj", "{1C3E500D-EE94-4591-A482-F2856D031D4E}"
EndProject
Project("{9A19103F-16F7-4668-BE54-9A1E7A4F7556}") = "Library.File", "Library\File\Library.File.csproj", "{17052AF3-90A0-4BF7-826D-C3BAC02C23E8}"
EndProject
Project("{9A19103F-16F7-4668-BE54-9A1E7A4F7556}") = "Library.Http", "Library\Http\Library.Http.csproj", "{5C883E4C-B353-43F2-8AF1-6325E6AA3893}"
EndProject
Project("{9A19103F-16F7-4668-BE54-9A1E7A4F7556}") = "Library.OfficeDocuments", "Library\OfficeDocuments\Library.OfficeDocuments.csproj", "{0B1FE57B-9F2C-43AE-AA7E-622C80E14892}"
EndProject
Project("{9A19103F-16F7-4668-BE54-9A1E7A4F7556}") = "Library.WebApp", "Library\WebApp\Library.WebApp.csproj", "{764B4177-8407-46F8-9F7B-6243AFB8EEFA}"
EndProject
Project("{9A19103F-16F7-4668-BE54-9A1E7A4F7556}") = "Library.Snowflake", "Library\SnowflakeId\Library.Snowflake.csproj", "{3FA82BCC-019B-48C0-92A0-37FB8DA8F8A1}"
EndProject
Project("{9A19103F-16F7-4668-BE54-9A1E7A4F7556}") = "Library.Geetest", "Library\Geetest\Library.Geetest.csproj", "{E3EE7009-CF8D-4932-8078-8316FAA08A23}"
EndProject
Project("{9A19103F-16F7-4668-BE54-9A1E7A4F7556}") = "Library.BloomFilter", "Library\BloomFilter\Library.BloomFilter.csproj", "{AE08BB00-E9A1-492B-B649-91A4911E38EB}"
EndProject
Project("{9A19103F-16F7-4668-BE54-9A1E7A4F7556}") = "Library.ConsistentHash", "Library\ConsistentHash\Library.ConsistentHash.csproj", "{E3522D64-283C-4DBB-A98F-9DFD0D6F419A}"
EndProject
Project("{9A19103F-16F7-4668-BE54-9A1E7A4F7556}") = "Library.UsingLock", "Library\UsingLock\Library.UsingLock.csproj", "{7B0F26BB-645D-4ADC-8339-BECDE5A38DF0}"
EndProject
Project("{9A19103F-16F7-4668-BE54-9A1E7A4F7556}") = "Library.TaskQeury", "Library\TaskQeury\Library.TaskQeury.csproj", "{4AA71C92-D5C6-4C28-B273-A04E15936FD5}"
EndProject
Project("{9A19103F-16F7-4668-BE54-9A1E7A4F7556}") = "Library.TimeTick", "Library\TimeTick\Library.TimeTick.csproj", "{9DA4B501-CE76-419E-A13C-5F960B798ACE}"
EndProject
Project("{9A19103F-16F7-4668-BE54-9A1E7A4F7556}") = "Library.ConsoleTool", "Library\ConsoleTool\Library.ConsoleTool.csproj", "{BD8703A7-C29F-4329-816C-588E4108C6D0}"
EndProject
Project("{9A19103F-16F7-4668-BE54-9A1E7A4F7556}") = "Library.HardwareInfo", "Library\HardwareInfo\Library.HardwareInfo.csproj", "{28B5B492-442C-47BD-82F6-BFD21DEDF5E3}"
EndProject
Project("{9A19103F-16F7-4668-BE54-9A1E7A4F7556}") = "Library.Delegate", "Library\Delegate\Library.Delegate.csproj", "{4E1E81F9-CE24-4A15-9EE1-8D36C5992062}"
EndProject
Project("{9A19103F-16F7-4668-BE54-9A1E7A4F7556}") = "Library.LinqTool", "Library\LinqTool\Library.LinqTool.csproj", "{5FC45CBD-9A85-4B71-B6BB-39112308327E}"
EndProject
Project("{9A19103F-16F7-4668-BE54-9A1E7A4F7556}") = "Library.TypeTool", "Library\TypeTool\Library.TypeTool.csproj", "{410B574B-3B8A-40EB-9768-61809C5B4251}"
EndProject
Project("{9A19103F-16F7-4668-BE54-9A1E7A4F7556}") = "Library.Xml", "Library\Xml\Library.Xml.csproj", "{1C3C4F3A-6C26-45B6-84DB-81A7D4EDDD7C}"
EndProject
Project("{9A19103F-16F7-4668-BE54-9A1E7A4F7556}") = "Library.Chinese", "Library\Chinese\Library.Chinese.csproj", "{E7D7A0E2-0722-4F8A-95E4-131CD39CD042}"
EndProject
Project("{9A19103F-16F7-4668-BE54-9A1E7A4F7556}") = "Library.Collection", "Library\Collection\Library.Collection.csproj", "{47BA4540-881A-4E1B-8634-7EDD095662D5}"
EndProject
Project("{9A19103F-16F7-4668-BE54-9A1E7A4F7556}") = "Library.DataRepository_DM", "Library\DataRepository_DM\Library.DataRepository_DM.csproj", "{29B5EA35-512F-4A59-AD35-18E9E8335C39}"
EndProject
Project("{9A19103F-16F7-4668-BE54-9A1E7A4F7556}") = "Library.DataAccess", "Library\DataAccess\Library.DataAccess.csproj", "{3F65D50B-57ED-41C3-90C5-8E6E862423D3}"
EndProject
Project("{9A19103F-16F7-4668-BE54-9A1E7A4F7556}") = "Library.DataRepository_SqlServer", "Library\DataRepository_SqlServer\Library.DataRepository_SqlServer.csproj", "{5D729456-4118-407E-B3F9-CC56DC2EF946}"
EndProject
Project("{9A19103F-16F7-4668-BE54-9A1E7A4F7556}") = "Library.DataRepository_MySql", "Library\DataRepository_MySql\Library.DataRepository_MySql.csproj", "{49E350DA-1305-48E3-A891-30B81D2D7120}"
EndProject
Project("{9A19103F-16F7-4668-BE54-9A1E7A4F7556}") = "Library.DataRepository_PostgreSql", "Library\DataRepository_PostgreSql\Library.DataRepository_PostgreSql.csproj", "{E6BA5B96-B200-443D-A2E1-541815886726}"
EndProject
Project("{9A19103F-16F7-4668-BE54-9A1E7A4F7556}") = "Library.DataRepository", "Library\DataRepository\Library.DataRepository.csproj", "{18BB9D53-3A95-4DEB-9548-B5AC2D937B98}"
EndProject
Project("{9A19103F-16F7-4668-BE54-9A1E7A4F7556}") = "Library.SelectOption", "Library\SelectOption\Library.SelectOption.csproj", "{B2E0D5CD-CB11-465E-8509-6F0E28087207}"
EndProject
Project("{9A19103F-16F7-4668-BE54-9A1E7A4F7556}") = "Library.Html", "Library\Html\Library.Html.csproj", "{52F17CC6-8344-47AB-A10F-86B819D9751B}"
EndProject
Project("{2150E333-8FDC-42A3-9474-1A3956D46DE8}") = "Applications", "Applications", "{146F0ADB-AB1C-4342-98DD-479E7F801807}"
EndProject
Project("{9A19103F-16F7-4668-BE54-9A1E7A4F7556}") = "EmptyConsole", "Test\EmptyConsole\EmptyConsole.csproj", "{906F2608-C16B-412B-BF32-F3EDBD9558BA}"
EndProject
Project("{9A19103F-16F7-4668-BE54-9A1E7A4F7556}") = "Library.OpenApi", "Library\OpenApi\Library.OpenApi.csproj", "{7EC6AE90-49E8-40C7-96CF-70DFBC9F58CD}"
EndProject
Project("{9A19103F-16F7-4668-BE54-9A1E7A4F7556}") = "Library.Json", "Library\Json\Library.Json.csproj", "{BA285314-1870-4598-BD02-0F7D31B8F577}"
EndProject
Project("{9A19103F-16F7-4668-BE54-9A1E7A4F7556}") = "Library.FreeSql", "Library\FreeSql\Library.FreeSql.csproj", "{AB9A5CB8-3C0A-4805-A188-BC8223699276}"
EndProject
Project("{9A19103F-16F7-4668-BE54-9A1E7A4F7556}") = "Library.Extension", "Library\Extension\Library.Extension.csproj", "{8716CCBF-B67A-4B15-94F7-1B9F7460683B}"
EndProject
Project("{9A19103F-16F7-4668-BE54-9A1E7A4F7556}") = "Library.SuperSocket", "Library\SuperSocket\Library.SuperSocket.csproj", "{370F47CD-7210-4F2E-81CE-A88CD5B5166D}"
EndProject
Project("{2150E333-8FDC-42A3-9474-1A3956D46DE8}") = "NuGet", "NuGet", "{4304907B-23CF-4E50-8A9C-A70FEEE1CC82}"
EndProject
Project("{9A19103F-16F7-4668-BE54-9A1E7A4F7556}") = "Library.All", "NuGet\Library.All\Library.All.csproj", "{C7A0FA93-5E4A-4483-BCAD-8C98CE62FE22}"
EndProject
Project("{9A19103F-16F7-4668-BE54-9A1E7A4F7556}") = "Library.WeChat", "Library\WeChat\Library.WeChat.csproj", "{3EBF22A7-4C60-452D-8678-3B6D5CF701A4}"
EndProject
Project("{FAE04EC0-301F-11D3-BF4B-00C04F79EFBC}") = "WSIU", "Tools\WSIU\WSIU.csproj", "{07ECD375-1B03-45C9-AFD9-A3557851EB5D}"
EndProject
Project("{9A19103F-16F7-4668-BE54-9A1E7A4F7556}") = "Library.Soap", "Library\Soap\Library.Soap.csproj", "{71857578-9484-4024-BBA5-E14CF50E0FD3}"
EndProject
Project("{9A19103F-16F7-4668-BE54-9A1E7A4F7556}") = "NuGetServer", "NuGet\NuGetServer\NuGetServer.csproj", "{E21F3F3A-E290-4487-9169-A74DA82F8F7B}"
EndProject
Project("{9A19103F-16F7-4668-BE54-9A1E7A4F7556}") = "Net5TC", "Test\Net5TC\Net5TC.csproj", "{F37259D1-2BE4-48DE-A971-4AF996152C0B}"
EndProject
Project("{2150E333-8FDC-42A3-9474-1A3956D46DE8}") = "SimpleApi", "SimpleApi", "{C4617FDC-AF14-4157-8A2E-9F34736DB6E8}"
EndProject
Project("{9A19103F-16F7-4668-BE54-9A1E7A4F7556}") = "Entity", "Applications\SimpleApi\Entity\Entity.csproj", "{B0998C79-9FE1-4544-A28B-D1DD3BD678EE}"
EndProject
Project("{9A19103F-16F7-4668-BE54-9A1E7A4F7556}") = "Model", "Applications\SimpleApi\Model\Model.csproj", "{60F5BD88-92AA-4E9C-A6F9-58B45576BBD6}"
EndProject
Project("{9A19103F-16F7-4668-BE54-9A1E7A4F7556}") = "Business", "Applications\SimpleApi\Business\Business.csproj", "{4EF01F5E-B5BC-4FD9-A7AA-72390B125472}"
EndProject
Project("{9A19103F-16F7-4668-BE54-9A1E7A4F7556}") = "Api", "Applications\SimpleApi\Api\Api.csproj", "{FEDC6C2F-B929-4A84-8404-35925E71D79A}"
EndProject
Project("{9A19103F-16F7-4668-BE54-9A1E7A4F7556}") = "IocServiceDemo", "Applications\SimpleApi\IocServiceDemo\IocServiceDemo.csproj", "{AD420AAE-90DF-45BD-8C01-59CF47757477}"
EndProject
Project("{9A19103F-16F7-4668-BE54-9A1E7A4F7556}") = "UnitTest", "Applications\SimpleApi\UnitTest\UnitTest.csproj", "{9050304D-B631-42B6-9421-E7C66B44239B}"
EndProject
Project("{9A19103F-16F7-4668-BE54-9A1E7A4F7556}") = "SoapServices", "Applications\SimpleApi\SoapServices\SoapServices.csproj", "{B9A8AE41-E43F-4230-9227-428D3B05B5B8}"
EndProject
Project("{2150E333-8FDC-42A3-9474-1A3956D46DE8}") = "Solution Items", "Solution Items", "{5FC08EC2-5B3A-4AFE-8FC9-C395D3872F23}"
	ProjectSection(SolutionItems) = preProject
		.editorconfig = .editorconfig
	EndProjectSection
EndProject
Project("{9A19103F-16F7-4668-BE54-9A1E7A4F7556}") = "Library.NLogger", "Library\NLogger\Library.NLogger.csproj", "{CEF43F1B-6E34-4A86-B0A6-9EDD323F38DA}"
EndProject
Project("{9A19103F-16F7-4668-BE54-9A1E7A4F7556}") = "Library.SampleAuthentication", "Library\SampleAuthentication\Library.SampleAuthentication.csproj", "{87DDFCC0-8929-447D-A67B-E3AA9200B302}"
EndProject
Global
	GlobalSection(SolutionConfigurationPlatforms) = preSolution
		Debug|Any CPU = Debug|Any CPU
		Debug|x64 = Debug|x64
		Release|Any CPU = Release|Any CPU
		Release|x64 = Release|x64
	EndGlobalSection
	GlobalSection(ProjectConfigurationPlatforms) = postSolution
		{AC324F87-E5FA-45FD-8774-F04C1520AD6A}.Debug|Any CPU.ActiveCfg = Debug|Any CPU
		{AC324F87-E5FA-45FD-8774-F04C1520AD6A}.Debug|Any CPU.Build.0 = Debug|Any CPU
		{AC324F87-E5FA-45FD-8774-F04C1520AD6A}.Debug|x64.ActiveCfg = Debug|x64
		{AC324F87-E5FA-45FD-8774-F04C1520AD6A}.Debug|x64.Build.0 = Debug|x64
		{AC324F87-E5FA-45FD-8774-F04C1520AD6A}.Release|Any CPU.ActiveCfg = Release|Any CPU
		{AC324F87-E5FA-45FD-8774-F04C1520AD6A}.Release|Any CPU.Build.0 = Release|Any CPU
		{AC324F87-E5FA-45FD-8774-F04C1520AD6A}.Release|x64.ActiveCfg = Release|x64
		{AC324F87-E5FA-45FD-8774-F04C1520AD6A}.Release|x64.Build.0 = Release|x64
		{BC736A10-DF0D-4F14-A0AC-8E5A1A3FCECD}.Debug|Any CPU.ActiveCfg = Debug|Any CPU
		{BC736A10-DF0D-4F14-A0AC-8E5A1A3FCECD}.Debug|Any CPU.Build.0 = Debug|Any CPU
		{BC736A10-DF0D-4F14-A0AC-8E5A1A3FCECD}.Debug|x64.ActiveCfg = Debug|x64
		{BC736A10-DF0D-4F14-A0AC-8E5A1A3FCECD}.Debug|x64.Build.0 = Debug|x64
		{BC736A10-DF0D-4F14-A0AC-8E5A1A3FCECD}.Release|Any CPU.ActiveCfg = Release|Any CPU
		{BC736A10-DF0D-4F14-A0AC-8E5A1A3FCECD}.Release|Any CPU.Build.0 = Release|Any CPU
		{BC736A10-DF0D-4F14-A0AC-8E5A1A3FCECD}.Release|x64.ActiveCfg = Release|x64
		{BC736A10-DF0D-4F14-A0AC-8E5A1A3FCECD}.Release|x64.Build.0 = Release|x64
		{A2B97BA3-EE81-4098-B558-A3E697BF27C1}.Debug|Any CPU.ActiveCfg = Debug|Any CPU
		{A2B97BA3-EE81-4098-B558-A3E697BF27C1}.Debug|Any CPU.Build.0 = Debug|Any CPU
		{A2B97BA3-EE81-4098-B558-A3E697BF27C1}.Debug|x64.ActiveCfg = Debug|x64
		{A2B97BA3-EE81-4098-B558-A3E697BF27C1}.Debug|x64.Build.0 = Debug|x64
		{A2B97BA3-EE81-4098-B558-A3E697BF27C1}.Release|Any CPU.ActiveCfg = Release|Any CPU
		{A2B97BA3-EE81-4098-B558-A3E697BF27C1}.Release|Any CPU.Build.0 = Release|Any CPU
		{A2B97BA3-EE81-4098-B558-A3E697BF27C1}.Release|x64.ActiveCfg = Release|x64
		{A2B97BA3-EE81-4098-B558-A3E697BF27C1}.Release|x64.Build.0 = Release|x64
		{8B4562A6-8D48-4E13-9606-31B7BE749489}.Debug|Any CPU.ActiveCfg = Debug|Any CPU
		{8B4562A6-8D48-4E13-9606-31B7BE749489}.Debug|Any CPU.Build.0 = Debug|Any CPU
		{8B4562A6-8D48-4E13-9606-31B7BE749489}.Debug|x64.ActiveCfg = Debug|x64
		{8B4562A6-8D48-4E13-9606-31B7BE749489}.Debug|x64.Build.0 = Debug|x64
		{8B4562A6-8D48-4E13-9606-31B7BE749489}.Release|Any CPU.ActiveCfg = Release|Any CPU
		{8B4562A6-8D48-4E13-9606-31B7BE749489}.Release|Any CPU.Build.0 = Release|Any CPU
		{8B4562A6-8D48-4E13-9606-31B7BE749489}.Release|x64.ActiveCfg = Release|Any CPU
		{8B4562A6-8D48-4E13-9606-31B7BE749489}.Release|x64.Build.0 = Release|Any CPU
		{48D3C7D5-0BA6-4E17-8D23-CB8EBD1D8FAD}.Debug|Any CPU.ActiveCfg = Debug|Any CPU
		{48D3C7D5-0BA6-4E17-8D23-CB8EBD1D8FAD}.Debug|Any CPU.Build.0 = Debug|Any CPU
		{48D3C7D5-0BA6-4E17-8D23-CB8EBD1D8FAD}.Debug|x64.ActiveCfg = Debug|x64
		{48D3C7D5-0BA6-4E17-8D23-CB8EBD1D8FAD}.Debug|x64.Build.0 = Debug|x64
		{48D3C7D5-0BA6-4E17-8D23-CB8EBD1D8FAD}.Release|Any CPU.ActiveCfg = Release|Any CPU
		{48D3C7D5-0BA6-4E17-8D23-CB8EBD1D8FAD}.Release|Any CPU.Build.0 = Release|Any CPU
		{48D3C7D5-0BA6-4E17-8D23-CB8EBD1D8FAD}.Release|x64.ActiveCfg = Release|x64
		{48D3C7D5-0BA6-4E17-8D23-CB8EBD1D8FAD}.Release|x64.Build.0 = Release|x64
		{86DA0574-CF1F-4638-B4A4-BBD16990D655}.Debug|Any CPU.ActiveCfg = Debug|Any CPU
		{86DA0574-CF1F-4638-B4A4-BBD16990D655}.Debug|Any CPU.Build.0 = Debug|Any CPU
		{86DA0574-CF1F-4638-B4A4-BBD16990D655}.Debug|x64.ActiveCfg = Debug|x64
		{86DA0574-CF1F-4638-B4A4-BBD16990D655}.Debug|x64.Build.0 = Debug|x64
		{86DA0574-CF1F-4638-B4A4-BBD16990D655}.Release|Any CPU.ActiveCfg = Release|Any CPU
		{86DA0574-CF1F-4638-B4A4-BBD16990D655}.Release|Any CPU.Build.0 = Release|Any CPU
		{86DA0574-CF1F-4638-B4A4-BBD16990D655}.Release|x64.ActiveCfg = Release|x64
		{86DA0574-CF1F-4638-B4A4-BBD16990D655}.Release|x64.Build.0 = Release|x64
		{59E5AE58-54DC-481C-A982-E644711F76C8}.Debug|Any CPU.ActiveCfg = Debug|Any CPU
		{59E5AE58-54DC-481C-A982-E644711F76C8}.Debug|Any CPU.Build.0 = Debug|Any CPU
		{59E5AE58-54DC-481C-A982-E644711F76C8}.Debug|x64.ActiveCfg = Debug|x64
		{59E5AE58-54DC-481C-A982-E644711F76C8}.Debug|x64.Build.0 = Debug|x64
		{59E5AE58-54DC-481C-A982-E644711F76C8}.Release|Any CPU.ActiveCfg = Release|Any CPU
		{59E5AE58-54DC-481C-A982-E644711F76C8}.Release|Any CPU.Build.0 = Release|Any CPU
		{59E5AE58-54DC-481C-A982-E644711F76C8}.Release|x64.ActiveCfg = Release|x64
		{59E5AE58-54DC-481C-A982-E644711F76C8}.Release|x64.Build.0 = Release|x64
		{735B1123-B12A-443F-A950-2FC23D4D86FE}.Debug|Any CPU.ActiveCfg = Debug|Any CPU
		{735B1123-B12A-443F-A950-2FC23D4D86FE}.Debug|Any CPU.Build.0 = Debug|Any CPU
		{735B1123-B12A-443F-A950-2FC23D4D86FE}.Debug|x64.ActiveCfg = Debug|x64
		{735B1123-B12A-443F-A950-2FC23D4D86FE}.Debug|x64.Build.0 = Debug|x64
		{735B1123-B12A-443F-A950-2FC23D4D86FE}.Release|Any CPU.ActiveCfg = Release|Any CPU
		{735B1123-B12A-443F-A950-2FC23D4D86FE}.Release|Any CPU.Build.0 = Release|Any CPU
		{735B1123-B12A-443F-A950-2FC23D4D86FE}.Release|x64.ActiveCfg = Release|x64
		{735B1123-B12A-443F-A950-2FC23D4D86FE}.Release|x64.Build.0 = Release|x64
		{7AB52259-B553-42BC-BC55-B46B93F51AD8}.Debug|Any CPU.ActiveCfg = Debug|Any CPU
		{7AB52259-B553-42BC-BC55-B46B93F51AD8}.Debug|Any CPU.Build.0 = Debug|Any CPU
		{7AB52259-B553-42BC-BC55-B46B93F51AD8}.Debug|x64.ActiveCfg = Debug|x64
		{7AB52259-B553-42BC-BC55-B46B93F51AD8}.Debug|x64.Build.0 = Debug|x64
		{7AB52259-B553-42BC-BC55-B46B93F51AD8}.Release|Any CPU.ActiveCfg = Release|Any CPU
		{7AB52259-B553-42BC-BC55-B46B93F51AD8}.Release|Any CPU.Build.0 = Release|Any CPU
		{7AB52259-B553-42BC-BC55-B46B93F51AD8}.Release|x64.ActiveCfg = Release|x64
		{7AB52259-B553-42BC-BC55-B46B93F51AD8}.Release|x64.Build.0 = Release|x64
		{EE589C9E-AD60-4BA9-8701-C8936359E349}.Debug|Any CPU.ActiveCfg = Debug|Any CPU
		{EE589C9E-AD60-4BA9-8701-C8936359E349}.Debug|Any CPU.Build.0 = Debug|Any CPU
		{EE589C9E-AD60-4BA9-8701-C8936359E349}.Debug|x64.ActiveCfg = Debug|x64
		{EE589C9E-AD60-4BA9-8701-C8936359E349}.Debug|x64.Build.0 = Debug|x64
		{EE589C9E-AD60-4BA9-8701-C8936359E349}.Release|Any CPU.ActiveCfg = Release|Any CPU
		{EE589C9E-AD60-4BA9-8701-C8936359E349}.Release|Any CPU.Build.0 = Release|Any CPU
		{EE589C9E-AD60-4BA9-8701-C8936359E349}.Release|x64.ActiveCfg = Release|x64
		{EE589C9E-AD60-4BA9-8701-C8936359E349}.Release|x64.Build.0 = Release|x64
		{8DF79E23-C6BC-45D3-B31B-4D3B8D8F9ACE}.Debug|Any CPU.ActiveCfg = Debug|Any CPU
		{8DF79E23-C6BC-45D3-B31B-4D3B8D8F9ACE}.Debug|Any CPU.Build.0 = Debug|Any CPU
		{8DF79E23-C6BC-45D3-B31B-4D3B8D8F9ACE}.Debug|x64.ActiveCfg = Debug|x64
		{8DF79E23-C6BC-45D3-B31B-4D3B8D8F9ACE}.Debug|x64.Build.0 = Debug|x64
		{8DF79E23-C6BC-45D3-B31B-4D3B8D8F9ACE}.Release|Any CPU.ActiveCfg = Release|Any CPU
		{8DF79E23-C6BC-45D3-B31B-4D3B8D8F9ACE}.Release|Any CPU.Build.0 = Release|Any CPU
		{8DF79E23-C6BC-45D3-B31B-4D3B8D8F9ACE}.Release|x64.ActiveCfg = Release|x64
		{8DF79E23-C6BC-45D3-B31B-4D3B8D8F9ACE}.Release|x64.Build.0 = Release|x64
		{F75D1FE3-7325-4C29-9E95-DD6A6B2AD5F7}.Debug|Any CPU.ActiveCfg = Debug|Any CPU
		{F75D1FE3-7325-4C29-9E95-DD6A6B2AD5F7}.Debug|Any CPU.Build.0 = Debug|Any CPU
		{F75D1FE3-7325-4C29-9E95-DD6A6B2AD5F7}.Debug|x64.ActiveCfg = Debug|x64
		{F75D1FE3-7325-4C29-9E95-DD6A6B2AD5F7}.Debug|x64.Build.0 = Debug|x64
		{F75D1FE3-7325-4C29-9E95-DD6A6B2AD5F7}.Release|Any CPU.ActiveCfg = Release|Any CPU
		{F75D1FE3-7325-4C29-9E95-DD6A6B2AD5F7}.Release|Any CPU.Build.0 = Release|Any CPU
		{F75D1FE3-7325-4C29-9E95-DD6A6B2AD5F7}.Release|x64.ActiveCfg = Release|x64
		{F75D1FE3-7325-4C29-9E95-DD6A6B2AD5F7}.Release|x64.Build.0 = Release|x64
		{956E5632-AA9F-4F95-9A17-96274A31E24F}.Debug|Any CPU.ActiveCfg = Debug|Any CPU
		{956E5632-AA9F-4F95-9A17-96274A31E24F}.Debug|Any CPU.Build.0 = Debug|Any CPU
		{956E5632-AA9F-4F95-9A17-96274A31E24F}.Debug|x64.ActiveCfg = Debug|x64
		{956E5632-AA9F-4F95-9A17-96274A31E24F}.Debug|x64.Build.0 = Debug|x64
		{956E5632-AA9F-4F95-9A17-96274A31E24F}.Release|Any CPU.ActiveCfg = Release|Any CPU
		{956E5632-AA9F-4F95-9A17-96274A31E24F}.Release|Any CPU.Build.0 = Release|Any CPU
		{956E5632-AA9F-4F95-9A17-96274A31E24F}.Release|x64.ActiveCfg = Release|x64
		{956E5632-AA9F-4F95-9A17-96274A31E24F}.Release|x64.Build.0 = Release|x64
		{87149411-2DE8-439B-B521-EECB2112E6F3}.Debug|Any CPU.ActiveCfg = Debug|Any CPU
		{87149411-2DE8-439B-B521-EECB2112E6F3}.Debug|Any CPU.Build.0 = Debug|Any CPU
		{87149411-2DE8-439B-B521-EECB2112E6F3}.Debug|x64.ActiveCfg = Debug|x64
		{87149411-2DE8-439B-B521-EECB2112E6F3}.Debug|x64.Build.0 = Debug|x64
		{87149411-2DE8-439B-B521-EECB2112E6F3}.Release|Any CPU.ActiveCfg = Release|Any CPU
		{87149411-2DE8-439B-B521-EECB2112E6F3}.Release|Any CPU.Build.0 = Release|Any CPU
		{87149411-2DE8-439B-B521-EECB2112E6F3}.Release|x64.ActiveCfg = Release|x64
		{87149411-2DE8-439B-B521-EECB2112E6F3}.Release|x64.Build.0 = Release|x64
		{1C3E500D-EE94-4591-A482-F2856D031D4E}.Debug|Any CPU.ActiveCfg = Debug|Any CPU
		{1C3E500D-EE94-4591-A482-F2856D031D4E}.Debug|Any CPU.Build.0 = Debug|Any CPU
		{1C3E500D-EE94-4591-A482-F2856D031D4E}.Debug|x64.ActiveCfg = Debug|x64
		{1C3E500D-EE94-4591-A482-F2856D031D4E}.Debug|x64.Build.0 = Debug|x64
		{1C3E500D-EE94-4591-A482-F2856D031D4E}.Release|Any CPU.ActiveCfg = Release|Any CPU
		{1C3E500D-EE94-4591-A482-F2856D031D4E}.Release|Any CPU.Build.0 = Release|Any CPU
		{1C3E500D-EE94-4591-A482-F2856D031D4E}.Release|x64.ActiveCfg = Release|x64
		{1C3E500D-EE94-4591-A482-F2856D031D4E}.Release|x64.Build.0 = Release|x64
		{17052AF3-90A0-4BF7-826D-C3BAC02C23E8}.Debug|Any CPU.ActiveCfg = Debug|Any CPU
		{17052AF3-90A0-4BF7-826D-C3BAC02C23E8}.Debug|Any CPU.Build.0 = Debug|Any CPU
		{17052AF3-90A0-4BF7-826D-C3BAC02C23E8}.Debug|x64.ActiveCfg = Debug|x64
		{17052AF3-90A0-4BF7-826D-C3BAC02C23E8}.Debug|x64.Build.0 = Debug|x64
		{17052AF3-90A0-4BF7-826D-C3BAC02C23E8}.Release|Any CPU.ActiveCfg = Release|Any CPU
		{17052AF3-90A0-4BF7-826D-C3BAC02C23E8}.Release|Any CPU.Build.0 = Release|Any CPU
		{17052AF3-90A0-4BF7-826D-C3BAC02C23E8}.Release|x64.ActiveCfg = Release|x64
		{17052AF3-90A0-4BF7-826D-C3BAC02C23E8}.Release|x64.Build.0 = Release|x64
		{5C883E4C-B353-43F2-8AF1-6325E6AA3893}.Debug|Any CPU.ActiveCfg = Debug|Any CPU
		{5C883E4C-B353-43F2-8AF1-6325E6AA3893}.Debug|Any CPU.Build.0 = Debug|Any CPU
		{5C883E4C-B353-43F2-8AF1-6325E6AA3893}.Debug|x64.ActiveCfg = Debug|x64
		{5C883E4C-B353-43F2-8AF1-6325E6AA3893}.Debug|x64.Build.0 = Debug|x64
		{5C883E4C-B353-43F2-8AF1-6325E6AA3893}.Release|Any CPU.ActiveCfg = Release|Any CPU
		{5C883E4C-B353-43F2-8AF1-6325E6AA3893}.Release|Any CPU.Build.0 = Release|Any CPU
		{5C883E4C-B353-43F2-8AF1-6325E6AA3893}.Release|x64.ActiveCfg = Release|x64
		{5C883E4C-B353-43F2-8AF1-6325E6AA3893}.Release|x64.Build.0 = Release|x64
		{0B1FE57B-9F2C-43AE-AA7E-622C80E14892}.Debug|Any CPU.ActiveCfg = Debug|Any CPU
		{0B1FE57B-9F2C-43AE-AA7E-622C80E14892}.Debug|Any CPU.Build.0 = Debug|Any CPU
		{0B1FE57B-9F2C-43AE-AA7E-622C80E14892}.Debug|x64.ActiveCfg = Debug|x64
		{0B1FE57B-9F2C-43AE-AA7E-622C80E14892}.Debug|x64.Build.0 = Debug|x64
		{0B1FE57B-9F2C-43AE-AA7E-622C80E14892}.Release|Any CPU.ActiveCfg = Release|Any CPU
		{0B1FE57B-9F2C-43AE-AA7E-622C80E14892}.Release|Any CPU.Build.0 = Release|Any CPU
		{0B1FE57B-9F2C-43AE-AA7E-622C80E14892}.Release|x64.ActiveCfg = Release|x64
		{0B1FE57B-9F2C-43AE-AA7E-622C80E14892}.Release|x64.Build.0 = Release|x64
		{764B4177-8407-46F8-9F7B-6243AFB8EEFA}.Debug|Any CPU.ActiveCfg = Debug|Any CPU
		{764B4177-8407-46F8-9F7B-6243AFB8EEFA}.Debug|Any CPU.Build.0 = Debug|Any CPU
		{764B4177-8407-46F8-9F7B-6243AFB8EEFA}.Debug|x64.ActiveCfg = Debug|x64
		{764B4177-8407-46F8-9F7B-6243AFB8EEFA}.Debug|x64.Build.0 = Debug|x64
		{764B4177-8407-46F8-9F7B-6243AFB8EEFA}.Release|Any CPU.ActiveCfg = Release|Any CPU
		{764B4177-8407-46F8-9F7B-6243AFB8EEFA}.Release|Any CPU.Build.0 = Release|Any CPU
		{764B4177-8407-46F8-9F7B-6243AFB8EEFA}.Release|x64.ActiveCfg = Release|x64
		{764B4177-8407-46F8-9F7B-6243AFB8EEFA}.Release|x64.Build.0 = Release|x64
		{3FA82BCC-019B-48C0-92A0-37FB8DA8F8A1}.Debug|Any CPU.ActiveCfg = Debug|Any CPU
		{3FA82BCC-019B-48C0-92A0-37FB8DA8F8A1}.Debug|Any CPU.Build.0 = Debug|Any CPU
		{3FA82BCC-019B-48C0-92A0-37FB8DA8F8A1}.Debug|x64.ActiveCfg = Debug|x64
		{3FA82BCC-019B-48C0-92A0-37FB8DA8F8A1}.Debug|x64.Build.0 = Debug|x64
		{3FA82BCC-019B-48C0-92A0-37FB8DA8F8A1}.Release|Any CPU.ActiveCfg = Release|Any CPU
		{3FA82BCC-019B-48C0-92A0-37FB8DA8F8A1}.Release|Any CPU.Build.0 = Release|Any CPU
		{3FA82BCC-019B-48C0-92A0-37FB8DA8F8A1}.Release|x64.ActiveCfg = Release|x64
		{3FA82BCC-019B-48C0-92A0-37FB8DA8F8A1}.Release|x64.Build.0 = Release|x64
		{E3EE7009-CF8D-4932-8078-8316FAA08A23}.Debug|Any CPU.ActiveCfg = Debug|Any CPU
		{E3EE7009-CF8D-4932-8078-8316FAA08A23}.Debug|Any CPU.Build.0 = Debug|Any CPU
		{E3EE7009-CF8D-4932-8078-8316FAA08A23}.Debug|x64.ActiveCfg = Debug|x64
		{E3EE7009-CF8D-4932-8078-8316FAA08A23}.Debug|x64.Build.0 = Debug|x64
		{E3EE7009-CF8D-4932-8078-8316FAA08A23}.Release|Any CPU.ActiveCfg = Release|Any CPU
		{E3EE7009-CF8D-4932-8078-8316FAA08A23}.Release|Any CPU.Build.0 = Release|Any CPU
		{E3EE7009-CF8D-4932-8078-8316FAA08A23}.Release|x64.ActiveCfg = Release|x64
		{E3EE7009-CF8D-4932-8078-8316FAA08A23}.Release|x64.Build.0 = Release|x64
		{AE08BB00-E9A1-492B-B649-91A4911E38EB}.Debug|Any CPU.ActiveCfg = Debug|Any CPU
		{AE08BB00-E9A1-492B-B649-91A4911E38EB}.Debug|Any CPU.Build.0 = Debug|Any CPU
		{AE08BB00-E9A1-492B-B649-91A4911E38EB}.Debug|x64.ActiveCfg = Debug|x64
		{AE08BB00-E9A1-492B-B649-91A4911E38EB}.Debug|x64.Build.0 = Debug|x64
		{AE08BB00-E9A1-492B-B649-91A4911E38EB}.Release|Any CPU.ActiveCfg = Release|Any CPU
		{AE08BB00-E9A1-492B-B649-91A4911E38EB}.Release|Any CPU.Build.0 = Release|Any CPU
		{AE08BB00-E9A1-492B-B649-91A4911E38EB}.Release|x64.ActiveCfg = Release|x64
		{AE08BB00-E9A1-492B-B649-91A4911E38EB}.Release|x64.Build.0 = Release|x64
		{E3522D64-283C-4DBB-A98F-9DFD0D6F419A}.Debug|Any CPU.ActiveCfg = Debug|Any CPU
		{E3522D64-283C-4DBB-A98F-9DFD0D6F419A}.Debug|Any CPU.Build.0 = Debug|Any CPU
		{E3522D64-283C-4DBB-A98F-9DFD0D6F419A}.Debug|x64.ActiveCfg = Debug|x64
		{E3522D64-283C-4DBB-A98F-9DFD0D6F419A}.Debug|x64.Build.0 = Debug|x64
		{E3522D64-283C-4DBB-A98F-9DFD0D6F419A}.Release|Any CPU.ActiveCfg = Release|Any CPU
		{E3522D64-283C-4DBB-A98F-9DFD0D6F419A}.Release|Any CPU.Build.0 = Release|Any CPU
		{E3522D64-283C-4DBB-A98F-9DFD0D6F419A}.Release|x64.ActiveCfg = Release|x64
		{E3522D64-283C-4DBB-A98F-9DFD0D6F419A}.Release|x64.Build.0 = Release|x64
		{7B0F26BB-645D-4ADC-8339-BECDE5A38DF0}.Debug|Any CPU.ActiveCfg = Debug|Any CPU
		{7B0F26BB-645D-4ADC-8339-BECDE5A38DF0}.Debug|Any CPU.Build.0 = Debug|Any CPU
		{7B0F26BB-645D-4ADC-8339-BECDE5A38DF0}.Debug|x64.ActiveCfg = Debug|x64
		{7B0F26BB-645D-4ADC-8339-BECDE5A38DF0}.Debug|x64.Build.0 = Debug|x64
		{7B0F26BB-645D-4ADC-8339-BECDE5A38DF0}.Release|Any CPU.ActiveCfg = Release|Any CPU
		{7B0F26BB-645D-4ADC-8339-BECDE5A38DF0}.Release|Any CPU.Build.0 = Release|Any CPU
		{7B0F26BB-645D-4ADC-8339-BECDE5A38DF0}.Release|x64.ActiveCfg = Release|x64
		{7B0F26BB-645D-4ADC-8339-BECDE5A38DF0}.Release|x64.Build.0 = Release|x64
		{4AA71C92-D5C6-4C28-B273-A04E15936FD5}.Debug|Any CPU.ActiveCfg = Debug|Any CPU
		{4AA71C92-D5C6-4C28-B273-A04E15936FD5}.Debug|Any CPU.Build.0 = Debug|Any CPU
		{4AA71C92-D5C6-4C28-B273-A04E15936FD5}.Debug|x64.ActiveCfg = Debug|x64
		{4AA71C92-D5C6-4C28-B273-A04E15936FD5}.Debug|x64.Build.0 = Debug|x64
		{4AA71C92-D5C6-4C28-B273-A04E15936FD5}.Release|Any CPU.ActiveCfg = Release|Any CPU
		{4AA71C92-D5C6-4C28-B273-A04E15936FD5}.Release|Any CPU.Build.0 = Release|Any CPU
		{4AA71C92-D5C6-4C28-B273-A04E15936FD5}.Release|x64.ActiveCfg = Release|x64
		{4AA71C92-D5C6-4C28-B273-A04E15936FD5}.Release|x64.Build.0 = Release|x64
		{9DA4B501-CE76-419E-A13C-5F960B798ACE}.Debug|Any CPU.ActiveCfg = Debug|Any CPU
		{9DA4B501-CE76-419E-A13C-5F960B798ACE}.Debug|Any CPU.Build.0 = Debug|Any CPU
		{9DA4B501-CE76-419E-A13C-5F960B798ACE}.Debug|x64.ActiveCfg = Debug|x64
		{9DA4B501-CE76-419E-A13C-5F960B798ACE}.Debug|x64.Build.0 = Debug|x64
		{9DA4B501-CE76-419E-A13C-5F960B798ACE}.Release|Any CPU.ActiveCfg = Release|Any CPU
		{9DA4B501-CE76-419E-A13C-5F960B798ACE}.Release|Any CPU.Build.0 = Release|Any CPU
		{9DA4B501-CE76-419E-A13C-5F960B798ACE}.Release|x64.ActiveCfg = Release|x64
		{9DA4B501-CE76-419E-A13C-5F960B798ACE}.Release|x64.Build.0 = Release|x64
		{BD8703A7-C29F-4329-816C-588E4108C6D0}.Debug|Any CPU.ActiveCfg = Debug|Any CPU
		{BD8703A7-C29F-4329-816C-588E4108C6D0}.Debug|Any CPU.Build.0 = Debug|Any CPU
		{BD8703A7-C29F-4329-816C-588E4108C6D0}.Debug|x64.ActiveCfg = Debug|x64
		{BD8703A7-C29F-4329-816C-588E4108C6D0}.Debug|x64.Build.0 = Debug|x64
		{BD8703A7-C29F-4329-816C-588E4108C6D0}.Release|Any CPU.ActiveCfg = Release|Any CPU
		{BD8703A7-C29F-4329-816C-588E4108C6D0}.Release|Any CPU.Build.0 = Release|Any CPU
		{BD8703A7-C29F-4329-816C-588E4108C6D0}.Release|x64.ActiveCfg = Release|x64
		{BD8703A7-C29F-4329-816C-588E4108C6D0}.Release|x64.Build.0 = Release|x64
		{28B5B492-442C-47BD-82F6-BFD21DEDF5E3}.Debug|Any CPU.ActiveCfg = Debug|Any CPU
		{28B5B492-442C-47BD-82F6-BFD21DEDF5E3}.Debug|Any CPU.Build.0 = Debug|Any CPU
		{28B5B492-442C-47BD-82F6-BFD21DEDF5E3}.Debug|x64.ActiveCfg = Debug|x64
		{28B5B492-442C-47BD-82F6-BFD21DEDF5E3}.Debug|x64.Build.0 = Debug|x64
		{28B5B492-442C-47BD-82F6-BFD21DEDF5E3}.Release|Any CPU.ActiveCfg = Release|Any CPU
		{28B5B492-442C-47BD-82F6-BFD21DEDF5E3}.Release|Any CPU.Build.0 = Release|Any CPU
		{28B5B492-442C-47BD-82F6-BFD21DEDF5E3}.Release|x64.ActiveCfg = Release|x64
		{28B5B492-442C-47BD-82F6-BFD21DEDF5E3}.Release|x64.Build.0 = Release|x64
		{4E1E81F9-CE24-4A15-9EE1-8D36C5992062}.Debug|Any CPU.ActiveCfg = Debug|Any CPU
		{4E1E81F9-CE24-4A15-9EE1-8D36C5992062}.Debug|Any CPU.Build.0 = Debug|Any CPU
		{4E1E81F9-CE24-4A15-9EE1-8D36C5992062}.Debug|x64.ActiveCfg = Debug|x64
		{4E1E81F9-CE24-4A15-9EE1-8D36C5992062}.Debug|x64.Build.0 = Debug|x64
		{4E1E81F9-CE24-4A15-9EE1-8D36C5992062}.Release|Any CPU.ActiveCfg = Release|Any CPU
		{4E1E81F9-CE24-4A15-9EE1-8D36C5992062}.Release|Any CPU.Build.0 = Release|Any CPU
		{4E1E81F9-CE24-4A15-9EE1-8D36C5992062}.Release|x64.ActiveCfg = Release|x64
		{4E1E81F9-CE24-4A15-9EE1-8D36C5992062}.Release|x64.Build.0 = Release|x64
		{5FC45CBD-9A85-4B71-B6BB-39112308327E}.Debug|Any CPU.ActiveCfg = Debug|Any CPU
		{5FC45CBD-9A85-4B71-B6BB-39112308327E}.Debug|Any CPU.Build.0 = Debug|Any CPU
		{5FC45CBD-9A85-4B71-B6BB-39112308327E}.Debug|x64.ActiveCfg = Debug|x64
		{5FC45CBD-9A85-4B71-B6BB-39112308327E}.Debug|x64.Build.0 = Debug|x64
		{5FC45CBD-9A85-4B71-B6BB-39112308327E}.Release|Any CPU.ActiveCfg = Release|Any CPU
		{5FC45CBD-9A85-4B71-B6BB-39112308327E}.Release|Any CPU.Build.0 = Release|Any CPU
		{5FC45CBD-9A85-4B71-B6BB-39112308327E}.Release|x64.ActiveCfg = Release|x64
		{5FC45CBD-9A85-4B71-B6BB-39112308327E}.Release|x64.Build.0 = Release|x64
		{410B574B-3B8A-40EB-9768-61809C5B4251}.Debug|Any CPU.ActiveCfg = Debug|Any CPU
		{410B574B-3B8A-40EB-9768-61809C5B4251}.Debug|Any CPU.Build.0 = Debug|Any CPU
		{410B574B-3B8A-40EB-9768-61809C5B4251}.Debug|x64.ActiveCfg = Debug|x64
		{410B574B-3B8A-40EB-9768-61809C5B4251}.Debug|x64.Build.0 = Debug|x64
		{410B574B-3B8A-40EB-9768-61809C5B4251}.Release|Any CPU.ActiveCfg = Release|Any CPU
		{410B574B-3B8A-40EB-9768-61809C5B4251}.Release|Any CPU.Build.0 = Release|Any CPU
		{410B574B-3B8A-40EB-9768-61809C5B4251}.Release|x64.ActiveCfg = Release|x64
		{410B574B-3B8A-40EB-9768-61809C5B4251}.Release|x64.Build.0 = Release|x64
		{1C3C4F3A-6C26-45B6-84DB-81A7D4EDDD7C}.Debug|Any CPU.ActiveCfg = Debug|Any CPU
		{1C3C4F3A-6C26-45B6-84DB-81A7D4EDDD7C}.Debug|Any CPU.Build.0 = Debug|Any CPU
		{1C3C4F3A-6C26-45B6-84DB-81A7D4EDDD7C}.Debug|x64.ActiveCfg = Debug|x64
		{1C3C4F3A-6C26-45B6-84DB-81A7D4EDDD7C}.Debug|x64.Build.0 = Debug|x64
		{1C3C4F3A-6C26-45B6-84DB-81A7D4EDDD7C}.Release|Any CPU.ActiveCfg = Release|Any CPU
		{1C3C4F3A-6C26-45B6-84DB-81A7D4EDDD7C}.Release|Any CPU.Build.0 = Release|Any CPU
		{1C3C4F3A-6C26-45B6-84DB-81A7D4EDDD7C}.Release|x64.ActiveCfg = Release|x64
		{1C3C4F3A-6C26-45B6-84DB-81A7D4EDDD7C}.Release|x64.Build.0 = Release|x64
		{E7D7A0E2-0722-4F8A-95E4-131CD39CD042}.Debug|Any CPU.ActiveCfg = Debug|Any CPU
		{E7D7A0E2-0722-4F8A-95E4-131CD39CD042}.Debug|Any CPU.Build.0 = Debug|Any CPU
		{E7D7A0E2-0722-4F8A-95E4-131CD39CD042}.Debug|x64.ActiveCfg = Debug|x64
		{E7D7A0E2-0722-4F8A-95E4-131CD39CD042}.Debug|x64.Build.0 = Debug|x64
		{E7D7A0E2-0722-4F8A-95E4-131CD39CD042}.Release|Any CPU.ActiveCfg = Release|Any CPU
		{E7D7A0E2-0722-4F8A-95E4-131CD39CD042}.Release|Any CPU.Build.0 = Release|Any CPU
		{E7D7A0E2-0722-4F8A-95E4-131CD39CD042}.Release|x64.ActiveCfg = Release|x64
		{E7D7A0E2-0722-4F8A-95E4-131CD39CD042}.Release|x64.Build.0 = Release|x64
		{47BA4540-881A-4E1B-8634-7EDD095662D5}.Debug|Any CPU.ActiveCfg = Debug|Any CPU
		{47BA4540-881A-4E1B-8634-7EDD095662D5}.Debug|Any CPU.Build.0 = Debug|Any CPU
		{47BA4540-881A-4E1B-8634-7EDD095662D5}.Debug|x64.ActiveCfg = Debug|x64
		{47BA4540-881A-4E1B-8634-7EDD095662D5}.Debug|x64.Build.0 = Debug|x64
		{47BA4540-881A-4E1B-8634-7EDD095662D5}.Release|Any CPU.ActiveCfg = Release|Any CPU
		{47BA4540-881A-4E1B-8634-7EDD095662D5}.Release|Any CPU.Build.0 = Release|Any CPU
		{47BA4540-881A-4E1B-8634-7EDD095662D5}.Release|x64.ActiveCfg = Release|x64
		{47BA4540-881A-4E1B-8634-7EDD095662D5}.Release|x64.Build.0 = Release|x64
		{29B5EA35-512F-4A59-AD35-18E9E8335C39}.Debug|Any CPU.ActiveCfg = Debug|Any CPU
		{29B5EA35-512F-4A59-AD35-18E9E8335C39}.Debug|Any CPU.Build.0 = Debug|Any CPU
		{29B5EA35-512F-4A59-AD35-18E9E8335C39}.Debug|x64.ActiveCfg = Debug|x64
		{29B5EA35-512F-4A59-AD35-18E9E8335C39}.Debug|x64.Build.0 = Debug|x64
		{29B5EA35-512F-4A59-AD35-18E9E8335C39}.Release|Any CPU.ActiveCfg = Release|Any CPU
		{29B5EA35-512F-4A59-AD35-18E9E8335C39}.Release|Any CPU.Build.0 = Release|Any CPU
		{29B5EA35-512F-4A59-AD35-18E9E8335C39}.Release|x64.ActiveCfg = Release|x64
		{29B5EA35-512F-4A59-AD35-18E9E8335C39}.Release|x64.Build.0 = Release|x64
		{3F65D50B-57ED-41C3-90C5-8E6E862423D3}.Debug|Any CPU.ActiveCfg = Debug|Any CPU
		{3F65D50B-57ED-41C3-90C5-8E6E862423D3}.Debug|Any CPU.Build.0 = Debug|Any CPU
		{3F65D50B-57ED-41C3-90C5-8E6E862423D3}.Debug|x64.ActiveCfg = Debug|x64
		{3F65D50B-57ED-41C3-90C5-8E6E862423D3}.Debug|x64.Build.0 = Debug|x64
		{3F65D50B-57ED-41C3-90C5-8E6E862423D3}.Release|Any CPU.ActiveCfg = Release|Any CPU
		{3F65D50B-57ED-41C3-90C5-8E6E862423D3}.Release|Any CPU.Build.0 = Release|Any CPU
		{3F65D50B-57ED-41C3-90C5-8E6E862423D3}.Release|x64.ActiveCfg = Release|x64
		{3F65D50B-57ED-41C3-90C5-8E6E862423D3}.Release|x64.Build.0 = Release|x64
		{5D729456-4118-407E-B3F9-CC56DC2EF946}.Debug|Any CPU.ActiveCfg = Debug|Any CPU
		{5D729456-4118-407E-B3F9-CC56DC2EF946}.Debug|Any CPU.Build.0 = Debug|Any CPU
		{5D729456-4118-407E-B3F9-CC56DC2EF946}.Debug|x64.ActiveCfg = Debug|x64
		{5D729456-4118-407E-B3F9-CC56DC2EF946}.Debug|x64.Build.0 = Debug|x64
		{5D729456-4118-407E-B3F9-CC56DC2EF946}.Release|Any CPU.ActiveCfg = Release|Any CPU
		{5D729456-4118-407E-B3F9-CC56DC2EF946}.Release|Any CPU.Build.0 = Release|Any CPU
		{5D729456-4118-407E-B3F9-CC56DC2EF946}.Release|x64.ActiveCfg = Release|x64
		{5D729456-4118-407E-B3F9-CC56DC2EF946}.Release|x64.Build.0 = Release|x64
		{49E350DA-1305-48E3-A891-30B81D2D7120}.Debug|Any CPU.ActiveCfg = Debug|Any CPU
		{49E350DA-1305-48E3-A891-30B81D2D7120}.Debug|Any CPU.Build.0 = Debug|Any CPU
		{49E350DA-1305-48E3-A891-30B81D2D7120}.Debug|x64.ActiveCfg = Debug|x64
		{49E350DA-1305-48E3-A891-30B81D2D7120}.Debug|x64.Build.0 = Debug|x64
		{49E350DA-1305-48E3-A891-30B81D2D7120}.Release|Any CPU.ActiveCfg = Release|Any CPU
		{49E350DA-1305-48E3-A891-30B81D2D7120}.Release|Any CPU.Build.0 = Release|Any CPU
		{49E350DA-1305-48E3-A891-30B81D2D7120}.Release|x64.ActiveCfg = Release|x64
		{49E350DA-1305-48E3-A891-30B81D2D7120}.Release|x64.Build.0 = Release|x64
		{E6BA5B96-B200-443D-A2E1-541815886726}.Debug|Any CPU.ActiveCfg = Debug|Any CPU
		{E6BA5B96-B200-443D-A2E1-541815886726}.Debug|Any CPU.Build.0 = Debug|Any CPU
		{E6BA5B96-B200-443D-A2E1-541815886726}.Debug|x64.ActiveCfg = Debug|x64
		{E6BA5B96-B200-443D-A2E1-541815886726}.Debug|x64.Build.0 = Debug|x64
		{E6BA5B96-B200-443D-A2E1-541815886726}.Release|Any CPU.ActiveCfg = Release|Any CPU
		{E6BA5B96-B200-443D-A2E1-541815886726}.Release|Any CPU.Build.0 = Release|Any CPU
		{E6BA5B96-B200-443D-A2E1-541815886726}.Release|x64.ActiveCfg = Release|x64
		{E6BA5B96-B200-443D-A2E1-541815886726}.Release|x64.Build.0 = Release|x64
		{18BB9D53-3A95-4DEB-9548-B5AC2D937B98}.Debug|Any CPU.ActiveCfg = Debug|Any CPU
		{18BB9D53-3A95-4DEB-9548-B5AC2D937B98}.Debug|Any CPU.Build.0 = Debug|Any CPU
		{18BB9D53-3A95-4DEB-9548-B5AC2D937B98}.Debug|x64.ActiveCfg = Debug|x64
		{18BB9D53-3A95-4DEB-9548-B5AC2D937B98}.Debug|x64.Build.0 = Debug|x64
		{18BB9D53-3A95-4DEB-9548-B5AC2D937B98}.Release|Any CPU.ActiveCfg = Release|Any CPU
		{18BB9D53-3A95-4DEB-9548-B5AC2D937B98}.Release|Any CPU.Build.0 = Release|Any CPU
		{18BB9D53-3A95-4DEB-9548-B5AC2D937B98}.Release|x64.ActiveCfg = Release|x64
		{18BB9D53-3A95-4DEB-9548-B5AC2D937B98}.Release|x64.Build.0 = Release|x64
		{B2E0D5CD-CB11-465E-8509-6F0E28087207}.Debug|Any CPU.ActiveCfg = Debug|Any CPU
		{B2E0D5CD-CB11-465E-8509-6F0E28087207}.Debug|Any CPU.Build.0 = Debug|Any CPU
		{B2E0D5CD-CB11-465E-8509-6F0E28087207}.Debug|x64.ActiveCfg = Debug|x64
		{B2E0D5CD-CB11-465E-8509-6F0E28087207}.Debug|x64.Build.0 = Debug|x64
		{B2E0D5CD-CB11-465E-8509-6F0E28087207}.Release|Any CPU.ActiveCfg = Release|Any CPU
		{B2E0D5CD-CB11-465E-8509-6F0E28087207}.Release|Any CPU.Build.0 = Release|Any CPU
		{B2E0D5CD-CB11-465E-8509-6F0E28087207}.Release|x64.ActiveCfg = Release|x64
		{B2E0D5CD-CB11-465E-8509-6F0E28087207}.Release|x64.Build.0 = Release|x64
		{52F17CC6-8344-47AB-A10F-86B819D9751B}.Debug|Any CPU.ActiveCfg = Debug|Any CPU
		{52F17CC6-8344-47AB-A10F-86B819D9751B}.Debug|Any CPU.Build.0 = Debug|Any CPU
		{52F17CC6-8344-47AB-A10F-86B819D9751B}.Debug|x64.ActiveCfg = Debug|x64
		{52F17CC6-8344-47AB-A10F-86B819D9751B}.Debug|x64.Build.0 = Debug|x64
		{52F17CC6-8344-47AB-A10F-86B819D9751B}.Release|Any CPU.ActiveCfg = Release|Any CPU
		{52F17CC6-8344-47AB-A10F-86B819D9751B}.Release|Any CPU.Build.0 = Release|Any CPU
		{52F17CC6-8344-47AB-A10F-86B819D9751B}.Release|x64.ActiveCfg = Release|x64
		{52F17CC6-8344-47AB-A10F-86B819D9751B}.Release|x64.Build.0 = Release|x64
		{906F2608-C16B-412B-BF32-F3EDBD9558BA}.Debug|Any CPU.ActiveCfg = Debug|Any CPU
		{906F2608-C16B-412B-BF32-F3EDBD9558BA}.Debug|Any CPU.Build.0 = Debug|Any CPU
		{906F2608-C16B-412B-BF32-F3EDBD9558BA}.Debug|x64.ActiveCfg = Debug|x64
		{906F2608-C16B-412B-BF32-F3EDBD9558BA}.Debug|x64.Build.0 = Debug|x64
		{906F2608-C16B-412B-BF32-F3EDBD9558BA}.Release|Any CPU.ActiveCfg = Release|Any CPU
		{906F2608-C16B-412B-BF32-F3EDBD9558BA}.Release|Any CPU.Build.0 = Release|Any CPU
		{906F2608-C16B-412B-BF32-F3EDBD9558BA}.Release|x64.ActiveCfg = Release|x64
		{906F2608-C16B-412B-BF32-F3EDBD9558BA}.Release|x64.Build.0 = Release|x64
		{7EC6AE90-49E8-40C7-96CF-70DFBC9F58CD}.Debug|Any CPU.ActiveCfg = Debug|Any CPU
		{7EC6AE90-49E8-40C7-96CF-70DFBC9F58CD}.Debug|Any CPU.Build.0 = Debug|Any CPU
		{7EC6AE90-49E8-40C7-96CF-70DFBC9F58CD}.Debug|x64.ActiveCfg = Debug|x64
		{7EC6AE90-49E8-40C7-96CF-70DFBC9F58CD}.Debug|x64.Build.0 = Debug|x64
		{7EC6AE90-49E8-40C7-96CF-70DFBC9F58CD}.Release|Any CPU.ActiveCfg = Release|Any CPU
		{7EC6AE90-49E8-40C7-96CF-70DFBC9F58CD}.Release|Any CPU.Build.0 = Release|Any CPU
		{7EC6AE90-49E8-40C7-96CF-70DFBC9F58CD}.Release|x64.ActiveCfg = Release|x64
		{7EC6AE90-49E8-40C7-96CF-70DFBC9F58CD}.Release|x64.Build.0 = Release|x64
		{BA285314-1870-4598-BD02-0F7D31B8F577}.Debug|Any CPU.ActiveCfg = Debug|Any CPU
		{BA285314-1870-4598-BD02-0F7D31B8F577}.Debug|Any CPU.Build.0 = Debug|Any CPU
		{BA285314-1870-4598-BD02-0F7D31B8F577}.Debug|x64.ActiveCfg = Debug|x64
		{BA285314-1870-4598-BD02-0F7D31B8F577}.Debug|x64.Build.0 = Debug|x64
		{BA285314-1870-4598-BD02-0F7D31B8F577}.Release|Any CPU.ActiveCfg = Release|Any CPU
		{BA285314-1870-4598-BD02-0F7D31B8F577}.Release|Any CPU.Build.0 = Release|Any CPU
		{BA285314-1870-4598-BD02-0F7D31B8F577}.Release|x64.ActiveCfg = Release|x64
		{BA285314-1870-4598-BD02-0F7D31B8F577}.Release|x64.Build.0 = Release|x64
		{AB9A5CB8-3C0A-4805-A188-BC8223699276}.Debug|Any CPU.ActiveCfg = Debug|Any CPU
		{AB9A5CB8-3C0A-4805-A188-BC8223699276}.Debug|Any CPU.Build.0 = Debug|Any CPU
		{AB9A5CB8-3C0A-4805-A188-BC8223699276}.Debug|x64.ActiveCfg = Debug|x64
		{AB9A5CB8-3C0A-4805-A188-BC8223699276}.Debug|x64.Build.0 = Debug|x64
		{AB9A5CB8-3C0A-4805-A188-BC8223699276}.Release|Any CPU.ActiveCfg = Release|Any CPU
		{AB9A5CB8-3C0A-4805-A188-BC8223699276}.Release|Any CPU.Build.0 = Release|Any CPU
		{AB9A5CB8-3C0A-4805-A188-BC8223699276}.Release|x64.ActiveCfg = Release|x64
		{AB9A5CB8-3C0A-4805-A188-BC8223699276}.Release|x64.Build.0 = Release|x64
		{8716CCBF-B67A-4B15-94F7-1B9F7460683B}.Debug|Any CPU.ActiveCfg = Debug|Any CPU
		{8716CCBF-B67A-4B15-94F7-1B9F7460683B}.Debug|Any CPU.Build.0 = Debug|Any CPU
		{8716CCBF-B67A-4B15-94F7-1B9F7460683B}.Debug|x64.ActiveCfg = Debug|x64
		{8716CCBF-B67A-4B15-94F7-1B9F7460683B}.Debug|x64.Build.0 = Debug|x64
		{8716CCBF-B67A-4B15-94F7-1B9F7460683B}.Release|Any CPU.ActiveCfg = Release|Any CPU
		{8716CCBF-B67A-4B15-94F7-1B9F7460683B}.Release|Any CPU.Build.0 = Release|Any CPU
		{8716CCBF-B67A-4B15-94F7-1B9F7460683B}.Release|x64.ActiveCfg = Release|x64
		{8716CCBF-B67A-4B15-94F7-1B9F7460683B}.Release|x64.Build.0 = Release|x64
		{370F47CD-7210-4F2E-81CE-A88CD5B5166D}.Debug|Any CPU.ActiveCfg = Debug|Any CPU
		{370F47CD-7210-4F2E-81CE-A88CD5B5166D}.Debug|Any CPU.Build.0 = Debug|Any CPU
		{370F47CD-7210-4F2E-81CE-A88CD5B5166D}.Debug|x64.ActiveCfg = Debug|x64
		{370F47CD-7210-4F2E-81CE-A88CD5B5166D}.Debug|x64.Build.0 = Debug|x64
		{370F47CD-7210-4F2E-81CE-A88CD5B5166D}.Release|Any CPU.ActiveCfg = Release|Any CPU
		{370F47CD-7210-4F2E-81CE-A88CD5B5166D}.Release|Any CPU.Build.0 = Release|Any CPU
		{370F47CD-7210-4F2E-81CE-A88CD5B5166D}.Release|x64.ActiveCfg = Release|x64
		{370F47CD-7210-4F2E-81CE-A88CD5B5166D}.Release|x64.Build.0 = Release|x64
		{C7A0FA93-5E4A-4483-BCAD-8C98CE62FE22}.Debug|Any CPU.ActiveCfg = Debug|Any CPU
		{C7A0FA93-5E4A-4483-BCAD-8C98CE62FE22}.Debug|Any CPU.Build.0 = Debug|Any CPU
		{C7A0FA93-5E4A-4483-BCAD-8C98CE62FE22}.Debug|x64.ActiveCfg = Debug|x64
		{C7A0FA93-5E4A-4483-BCAD-8C98CE62FE22}.Debug|x64.Build.0 = Debug|x64
		{C7A0FA93-5E4A-4483-BCAD-8C98CE62FE22}.Release|Any CPU.ActiveCfg = Release|Any CPU
		{C7A0FA93-5E4A-4483-BCAD-8C98CE62FE22}.Release|Any CPU.Build.0 = Release|Any CPU
		{C7A0FA93-5E4A-4483-BCAD-8C98CE62FE22}.Release|x64.ActiveCfg = Release|x64
		{C7A0FA93-5E4A-4483-BCAD-8C98CE62FE22}.Release|x64.Build.0 = Release|x64
		{3EBF22A7-4C60-452D-8678-3B6D5CF701A4}.Debug|Any CPU.ActiveCfg = Debug|Any CPU
		{3EBF22A7-4C60-452D-8678-3B6D5CF701A4}.Debug|Any CPU.Build.0 = Debug|Any CPU
		{3EBF22A7-4C60-452D-8678-3B6D5CF701A4}.Debug|x64.ActiveCfg = Debug|x64
		{3EBF22A7-4C60-452D-8678-3B6D5CF701A4}.Debug|x64.Build.0 = Debug|x64
		{3EBF22A7-4C60-452D-8678-3B6D5CF701A4}.Release|Any CPU.ActiveCfg = Release|Any CPU
		{3EBF22A7-4C60-452D-8678-3B6D5CF701A4}.Release|Any CPU.Build.0 = Release|Any CPU
		{3EBF22A7-4C60-452D-8678-3B6D5CF701A4}.Release|x64.ActiveCfg = Release|x64
		{3EBF22A7-4C60-452D-8678-3B6D5CF701A4}.Release|x64.Build.0 = Release|x64
		{07ECD375-1B03-45C9-AFD9-A3557851EB5D}.Debug|Any CPU.ActiveCfg = Debug|x64
		{07ECD375-1B03-45C9-AFD9-A3557851EB5D}.Debug|Any CPU.Build.0 = Debug|x64
		{07ECD375-1B03-45C9-AFD9-A3557851EB5D}.Debug|x64.ActiveCfg = Debug|x64
		{07ECD375-1B03-45C9-AFD9-A3557851EB5D}.Debug|x64.Build.0 = Debug|x64
		{07ECD375-1B03-45C9-AFD9-A3557851EB5D}.Release|Any CPU.ActiveCfg = Release|Any CPU
		{07ECD375-1B03-45C9-AFD9-A3557851EB5D}.Release|Any CPU.Build.0 = Release|Any CPU
		{07ECD375-1B03-45C9-AFD9-A3557851EB5D}.Release|x64.ActiveCfg = Release|x64
		{07ECD375-1B03-45C9-AFD9-A3557851EB5D}.Release|x64.Build.0 = Release|x64
		{71857578-9484-4024-BBA5-E14CF50E0FD3}.Debug|Any CPU.ActiveCfg = Debug|Any CPU
		{71857578-9484-4024-BBA5-E14CF50E0FD3}.Debug|Any CPU.Build.0 = Debug|Any CPU
		{71857578-9484-4024-BBA5-E14CF50E0FD3}.Debug|x64.ActiveCfg = Debug|Any CPU
		{71857578-9484-4024-BBA5-E14CF50E0FD3}.Debug|x64.Build.0 = Debug|Any CPU
		{71857578-9484-4024-BBA5-E14CF50E0FD3}.Release|Any CPU.ActiveCfg = Release|Any CPU
		{71857578-9484-4024-BBA5-E14CF50E0FD3}.Release|Any CPU.Build.0 = Release|Any CPU
		{71857578-9484-4024-BBA5-E14CF50E0FD3}.Release|x64.ActiveCfg = Release|Any CPU
		{71857578-9484-4024-BBA5-E14CF50E0FD3}.Release|x64.Build.0 = Release|Any CPU
		{E21F3F3A-E290-4487-9169-A74DA82F8F7B}.Debug|Any CPU.ActiveCfg = Debug|Any CPU
		{E21F3F3A-E290-4487-9169-A74DA82F8F7B}.Debug|Any CPU.Build.0 = Debug|Any CPU
		{E21F3F3A-E290-4487-9169-A74DA82F8F7B}.Debug|x64.ActiveCfg = Debug|Any CPU
		{E21F3F3A-E290-4487-9169-A74DA82F8F7B}.Debug|x64.Build.0 = Debug|Any CPU
		{E21F3F3A-E290-4487-9169-A74DA82F8F7B}.Release|Any CPU.ActiveCfg = Release|Any CPU
		{E21F3F3A-E290-4487-9169-A74DA82F8F7B}.Release|Any CPU.Build.0 = Release|Any CPU
		{E21F3F3A-E290-4487-9169-A74DA82F8F7B}.Release|x64.ActiveCfg = Release|Any CPU
		{E21F3F3A-E290-4487-9169-A74DA82F8F7B}.Release|x64.Build.0 = Release|Any CPU
		{F37259D1-2BE4-48DE-A971-4AF996152C0B}.Debug|Any CPU.ActiveCfg = Debug|Any CPU
		{F37259D1-2BE4-48DE-A971-4AF996152C0B}.Debug|Any CPU.Build.0 = Debug|Any CPU
		{F37259D1-2BE4-48DE-A971-4AF996152C0B}.Debug|x64.ActiveCfg = Debug|Any CPU
		{F37259D1-2BE4-48DE-A971-4AF996152C0B}.Debug|x64.Build.0 = Debug|Any CPU
		{F37259D1-2BE4-48DE-A971-4AF996152C0B}.Release|Any CPU.ActiveCfg = Release|Any CPU
		{F37259D1-2BE4-48DE-A971-4AF996152C0B}.Release|Any CPU.Build.0 = Release|Any CPU
		{F37259D1-2BE4-48DE-A971-4AF996152C0B}.Release|x64.ActiveCfg = Release|Any CPU
		{F37259D1-2BE4-48DE-A971-4AF996152C0B}.Release|x64.Build.0 = Release|Any CPU
		{B0998C79-9FE1-4544-A28B-D1DD3BD678EE}.Debug|Any CPU.ActiveCfg = Debug|Any CPU
		{B0998C79-9FE1-4544-A28B-D1DD3BD678EE}.Debug|Any CPU.Build.0 = Debug|Any CPU
		{B0998C79-9FE1-4544-A28B-D1DD3BD678EE}.Debug|x64.ActiveCfg = Debug|Any CPU
		{B0998C79-9FE1-4544-A28B-D1DD3BD678EE}.Debug|x64.Build.0 = Debug|Any CPU
		{B0998C79-9FE1-4544-A28B-D1DD3BD678EE}.Release|Any CPU.ActiveCfg = Release|Any CPU
		{B0998C79-9FE1-4544-A28B-D1DD3BD678EE}.Release|Any CPU.Build.0 = Release|Any CPU
		{B0998C79-9FE1-4544-A28B-D1DD3BD678EE}.Release|x64.ActiveCfg = Release|Any CPU
		{B0998C79-9FE1-4544-A28B-D1DD3BD678EE}.Release|x64.Build.0 = Release|Any CPU
		{60F5BD88-92AA-4E9C-A6F9-58B45576BBD6}.Debug|Any CPU.ActiveCfg = Debug|Any CPU
		{60F5BD88-92AA-4E9C-A6F9-58B45576BBD6}.Debug|Any CPU.Build.0 = Debug|Any CPU
		{60F5BD88-92AA-4E9C-A6F9-58B45576BBD6}.Debug|x64.ActiveCfg = Debug|Any CPU
		{60F5BD88-92AA-4E9C-A6F9-58B45576BBD6}.Debug|x64.Build.0 = Debug|Any CPU
		{60F5BD88-92AA-4E9C-A6F9-58B45576BBD6}.Release|Any CPU.ActiveCfg = Release|Any CPU
		{60F5BD88-92AA-4E9C-A6F9-58B45576BBD6}.Release|Any CPU.Build.0 = Release|Any CPU
		{60F5BD88-92AA-4E9C-A6F9-58B45576BBD6}.Release|x64.ActiveCfg = Release|Any CPU
		{60F5BD88-92AA-4E9C-A6F9-58B45576BBD6}.Release|x64.Build.0 = Release|Any CPU
		{4EF01F5E-B5BC-4FD9-A7AA-72390B125472}.Debug|Any CPU.ActiveCfg = Debug|Any CPU
		{4EF01F5E-B5BC-4FD9-A7AA-72390B125472}.Debug|Any CPU.Build.0 = Debug|Any CPU
		{4EF01F5E-B5BC-4FD9-A7AA-72390B125472}.Debug|x64.ActiveCfg = Debug|Any CPU
		{4EF01F5E-B5BC-4FD9-A7AA-72390B125472}.Debug|x64.Build.0 = Debug|Any CPU
		{4EF01F5E-B5BC-4FD9-A7AA-72390B125472}.Release|Any CPU.ActiveCfg = Release|Any CPU
		{4EF01F5E-B5BC-4FD9-A7AA-72390B125472}.Release|Any CPU.Build.0 = Release|Any CPU
		{4EF01F5E-B5BC-4FD9-A7AA-72390B125472}.Release|x64.ActiveCfg = Release|Any CPU
		{4EF01F5E-B5BC-4FD9-A7AA-72390B125472}.Release|x64.Build.0 = Release|Any CPU
		{FEDC6C2F-B929-4A84-8404-35925E71D79A}.Debug|Any CPU.ActiveCfg = Debug|Any CPU
		{FEDC6C2F-B929-4A84-8404-35925E71D79A}.Debug|Any CPU.Build.0 = Debug|Any CPU
		{FEDC6C2F-B929-4A84-8404-35925E71D79A}.Debug|x64.ActiveCfg = Debug|Any CPU
		{FEDC6C2F-B929-4A84-8404-35925E71D79A}.Debug|x64.Build.0 = Debug|Any CPU
		{FEDC6C2F-B929-4A84-8404-35925E71D79A}.Release|Any CPU.ActiveCfg = Release|Any CPU
		{FEDC6C2F-B929-4A84-8404-35925E71D79A}.Release|Any CPU.Build.0 = Release|Any CPU
		{FEDC6C2F-B929-4A84-8404-35925E71D79A}.Release|x64.ActiveCfg = Release|Any CPU
		{FEDC6C2F-B929-4A84-8404-35925E71D79A}.Release|x64.Build.0 = Release|Any CPU
		{AD420AAE-90DF-45BD-8C01-59CF47757477}.Debug|Any CPU.ActiveCfg = Debug|Any CPU
		{AD420AAE-90DF-45BD-8C01-59CF47757477}.Debug|Any CPU.Build.0 = Debug|Any CPU
		{AD420AAE-90DF-45BD-8C01-59CF47757477}.Debug|x64.ActiveCfg = Debug|Any CPU
		{AD420AAE-90DF-45BD-8C01-59CF47757477}.Debug|x64.Build.0 = Debug|Any CPU
		{AD420AAE-90DF-45BD-8C01-59CF47757477}.Release|Any CPU.ActiveCfg = Release|Any CPU
		{AD420AAE-90DF-45BD-8C01-59CF47757477}.Release|Any CPU.Build.0 = Release|Any CPU
		{AD420AAE-90DF-45BD-8C01-59CF47757477}.Release|x64.ActiveCfg = Release|Any CPU
		{AD420AAE-90DF-45BD-8C01-59CF47757477}.Release|x64.Build.0 = Release|Any CPU
		{9050304D-B631-42B6-9421-E7C66B44239B}.Debug|Any CPU.ActiveCfg = Debug|Any CPU
		{9050304D-B631-42B6-9421-E7C66B44239B}.Debug|Any CPU.Build.0 = Debug|Any CPU
		{9050304D-B631-42B6-9421-E7C66B44239B}.Debug|x64.ActiveCfg = Debug|Any CPU
		{9050304D-B631-42B6-9421-E7C66B44239B}.Debug|x64.Build.0 = Debug|Any CPU
		{9050304D-B631-42B6-9421-E7C66B44239B}.Release|Any CPU.ActiveCfg = Release|Any CPU
		{9050304D-B631-42B6-9421-E7C66B44239B}.Release|Any CPU.Build.0 = Release|Any CPU
		{9050304D-B631-42B6-9421-E7C66B44239B}.Release|x64.ActiveCfg = Release|Any CPU
		{9050304D-B631-42B6-9421-E7C66B44239B}.Release|x64.Build.0 = Release|Any CPU
		{B9A8AE41-E43F-4230-9227-428D3B05B5B8}.Debug|Any CPU.ActiveCfg = Debug|Any CPU
		{B9A8AE41-E43F-4230-9227-428D3B05B5B8}.Debug|Any CPU.Build.0 = Debug|Any CPU
		{B9A8AE41-E43F-4230-9227-428D3B05B5B8}.Debug|x64.ActiveCfg = Debug|Any CPU
		{B9A8AE41-E43F-4230-9227-428D3B05B5B8}.Debug|x64.Build.0 = Debug|Any CPU
		{B9A8AE41-E43F-4230-9227-428D3B05B5B8}.Release|Any CPU.ActiveCfg = Release|Any CPU
		{B9A8AE41-E43F-4230-9227-428D3B05B5B8}.Release|Any CPU.Build.0 = Release|Any CPU
		{B9A8AE41-E43F-4230-9227-428D3B05B5B8}.Release|x64.ActiveCfg = Release|Any CPU
		{B9A8AE41-E43F-4230-9227-428D3B05B5B8}.Release|x64.Build.0 = Release|Any CPU
		{CEF43F1B-6E34-4A86-B0A6-9EDD323F38DA}.Debug|Any CPU.ActiveCfg = Debug|Any CPU
		{CEF43F1B-6E34-4A86-B0A6-9EDD323F38DA}.Debug|Any CPU.Build.0 = Debug|Any CPU
		{CEF43F1B-6E34-4A86-B0A6-9EDD323F38DA}.Debug|x64.ActiveCfg = Debug|x64
		{CEF43F1B-6E34-4A86-B0A6-9EDD323F38DA}.Debug|x64.Build.0 = Debug|x64
		{CEF43F1B-6E34-4A86-B0A6-9EDD323F38DA}.Release|Any CPU.ActiveCfg = Release|Any CPU
		{CEF43F1B-6E34-4A86-B0A6-9EDD323F38DA}.Release|Any CPU.Build.0 = Release|Any CPU
		{CEF43F1B-6E34-4A86-B0A6-9EDD323F38DA}.Release|x64.ActiveCfg = Release|x64
		{CEF43F1B-6E34-4A86-B0A6-9EDD323F38DA}.Release|x64.Build.0 = Release|x64
		{87DDFCC0-8929-447D-A67B-E3AA9200B302}.Debug|Any CPU.ActiveCfg = Debug|Any CPU
		{87DDFCC0-8929-447D-A67B-E3AA9200B302}.Debug|Any CPU.Build.0 = Debug|Any CPU
		{87DDFCC0-8929-447D-A67B-E3AA9200B302}.Debug|x64.ActiveCfg = Debug|Any CPU
		{87DDFCC0-8929-447D-A67B-E3AA9200B302}.Debug|x64.Build.0 = Debug|Any CPU
		{87DDFCC0-8929-447D-A67B-E3AA9200B302}.Release|Any CPU.ActiveCfg = Release|Any CPU
		{87DDFCC0-8929-447D-A67B-E3AA9200B302}.Release|Any CPU.Build.0 = Release|Any CPU
		{87DDFCC0-8929-447D-A67B-E3AA9200B302}.Release|x64.ActiveCfg = Release|Any CPU
		{87DDFCC0-8929-447D-A67B-E3AA9200B302}.Release|x64.Build.0 = Release|Any CPU
	EndGlobalSection
	GlobalSection(SolutionProperties) = preSolution
		HideSolutionNode = FALSE
	EndGlobalSection
	GlobalSection(NestedProjects) = preSolution
		{A2B97BA3-EE81-4098-B558-A3E697BF27C1} = {AFB37364-4BEB-4D04-90BE-3D57272A6035}
		{48D3C7D5-0BA6-4E17-8D23-CB8EBD1D8FAD} = {AFB37364-4BEB-4D04-90BE-3D57272A6035}
		{86DA0574-CF1F-4638-B4A4-BBD16990D655} = {AFB37364-4BEB-4D04-90BE-3D57272A6035}
		{59E5AE58-54DC-481C-A982-E644711F76C8} = {AFB37364-4BEB-4D04-90BE-3D57272A6035}
		{735B1123-B12A-443F-A950-2FC23D4D86FE} = {967C2599-9696-4221-8D6A-563C323EE1AD}
		{7AB52259-B553-42BC-BC55-B46B93F51AD8} = {A3BD36CB-6A3A-44B3-A6B7-7B4595BC0C71}
		{EE589C9E-AD60-4BA9-8701-C8936359E349} = {A3BD36CB-6A3A-44B3-A6B7-7B4595BC0C71}
		{8DF79E23-C6BC-45D3-B31B-4D3B8D8F9ACE} = {A3BD36CB-6A3A-44B3-A6B7-7B4595BC0C71}
		{F75D1FE3-7325-4C29-9E95-DD6A6B2AD5F7} = {A3BD36CB-6A3A-44B3-A6B7-7B4595BC0C71}
		{956E5632-AA9F-4F95-9A17-96274A31E24F} = {A3BD36CB-6A3A-44B3-A6B7-7B4595BC0C71}
		{87149411-2DE8-439B-B521-EECB2112E6F3} = {A3BD36CB-6A3A-44B3-A6B7-7B4595BC0C71}
		{1C3E500D-EE94-4591-A482-F2856D031D4E} = {A3BD36CB-6A3A-44B3-A6B7-7B4595BC0C71}
		{17052AF3-90A0-4BF7-826D-C3BAC02C23E8} = {A3BD36CB-6A3A-44B3-A6B7-7B4595BC0C71}
		{5C883E4C-B353-43F2-8AF1-6325E6AA3893} = {A3BD36CB-6A3A-44B3-A6B7-7B4595BC0C71}
		{0B1FE57B-9F2C-43AE-AA7E-622C80E14892} = {A3BD36CB-6A3A-44B3-A6B7-7B4595BC0C71}
		{764B4177-8407-46F8-9F7B-6243AFB8EEFA} = {A3BD36CB-6A3A-44B3-A6B7-7B4595BC0C71}
		{3FA82BCC-019B-48C0-92A0-37FB8DA8F8A1} = {A3BD36CB-6A3A-44B3-A6B7-7B4595BC0C71}
		{E3EE7009-CF8D-4932-8078-8316FAA08A23} = {A3BD36CB-6A3A-44B3-A6B7-7B4595BC0C71}
		{AE08BB00-E9A1-492B-B649-91A4911E38EB} = {A3BD36CB-6A3A-44B3-A6B7-7B4595BC0C71}
		{E3522D64-283C-4DBB-A98F-9DFD0D6F419A} = {A3BD36CB-6A3A-44B3-A6B7-7B4595BC0C71}
		{7B0F26BB-645D-4ADC-8339-BECDE5A38DF0} = {A3BD36CB-6A3A-44B3-A6B7-7B4595BC0C71}
		{4AA71C92-D5C6-4C28-B273-A04E15936FD5} = {A3BD36CB-6A3A-44B3-A6B7-7B4595BC0C71}
		{9DA4B501-CE76-419E-A13C-5F960B798ACE} = {A3BD36CB-6A3A-44B3-A6B7-7B4595BC0C71}
		{BD8703A7-C29F-4329-816C-588E4108C6D0} = {A3BD36CB-6A3A-44B3-A6B7-7B4595BC0C71}
		{28B5B492-442C-47BD-82F6-BFD21DEDF5E3} = {A3BD36CB-6A3A-44B3-A6B7-7B4595BC0C71}
		{4E1E81F9-CE24-4A15-9EE1-8D36C5992062} = {A3BD36CB-6A3A-44B3-A6B7-7B4595BC0C71}
		{5FC45CBD-9A85-4B71-B6BB-39112308327E} = {A3BD36CB-6A3A-44B3-A6B7-7B4595BC0C71}
		{410B574B-3B8A-40EB-9768-61809C5B4251} = {A3BD36CB-6A3A-44B3-A6B7-7B4595BC0C71}
		{1C3C4F3A-6C26-45B6-84DB-81A7D4EDDD7C} = {A3BD36CB-6A3A-44B3-A6B7-7B4595BC0C71}
		{E7D7A0E2-0722-4F8A-95E4-131CD39CD042} = {A3BD36CB-6A3A-44B3-A6B7-7B4595BC0C71}
		{47BA4540-881A-4E1B-8634-7EDD095662D5} = {A3BD36CB-6A3A-44B3-A6B7-7B4595BC0C71}
		{29B5EA35-512F-4A59-AD35-18E9E8335C39} = {A3BD36CB-6A3A-44B3-A6B7-7B4595BC0C71}
		{3F65D50B-57ED-41C3-90C5-8E6E862423D3} = {A3BD36CB-6A3A-44B3-A6B7-7B4595BC0C71}
		{5D729456-4118-407E-B3F9-CC56DC2EF946} = {A3BD36CB-6A3A-44B3-A6B7-7B4595BC0C71}
		{49E350DA-1305-48E3-A891-30B81D2D7120} = {A3BD36CB-6A3A-44B3-A6B7-7B4595BC0C71}
		{E6BA5B96-B200-443D-A2E1-541815886726} = {A3BD36CB-6A3A-44B3-A6B7-7B4595BC0C71}
		{18BB9D53-3A95-4DEB-9548-B5AC2D937B98} = {A3BD36CB-6A3A-44B3-A6B7-7B4595BC0C71}
		{B2E0D5CD-CB11-465E-8509-6F0E28087207} = {A3BD36CB-6A3A-44B3-A6B7-7B4595BC0C71}
		{52F17CC6-8344-47AB-A10F-86B819D9751B} = {A3BD36CB-6A3A-44B3-A6B7-7B4595BC0C71}
		{906F2608-C16B-412B-BF32-F3EDBD9558BA} = {AFB37364-4BEB-4D04-90BE-3D57272A6035}
		{7EC6AE90-49E8-40C7-96CF-70DFBC9F58CD} = {A3BD36CB-6A3A-44B3-A6B7-7B4595BC0C71}
		{BA285314-1870-4598-BD02-0F7D31B8F577} = {A3BD36CB-6A3A-44B3-A6B7-7B4595BC0C71}
		{AB9A5CB8-3C0A-4805-A188-BC8223699276} = {A3BD36CB-6A3A-44B3-A6B7-7B4595BC0C71}
		{8716CCBF-B67A-4B15-94F7-1B9F7460683B} = {A3BD36CB-6A3A-44B3-A6B7-7B4595BC0C71}
		{370F47CD-7210-4F2E-81CE-A88CD5B5166D} = {A3BD36CB-6A3A-44B3-A6B7-7B4595BC0C71}
		{C7A0FA93-5E4A-4483-BCAD-8C98CE62FE22} = {4304907B-23CF-4E50-8A9C-A70FEEE1CC82}
		{3EBF22A7-4C60-452D-8678-3B6D5CF701A4} = {A3BD36CB-6A3A-44B3-A6B7-7B4595BC0C71}
		{07ECD375-1B03-45C9-AFD9-A3557851EB5D} = {967C2599-9696-4221-8D6A-563C323EE1AD}
		{71857578-9484-4024-BBA5-E14CF50E0FD3} = {A3BD36CB-6A3A-44B3-A6B7-7B4595BC0C71}
		{E21F3F3A-E290-4487-9169-A74DA82F8F7B} = {4304907B-23CF-4E50-8A9C-A70FEEE1CC82}
		{F37259D1-2BE4-48DE-A971-4AF996152C0B} = {AFB37364-4BEB-4D04-90BE-3D57272A6035}
		{C4617FDC-AF14-4157-8A2E-9F34736DB6E8} = {146F0ADB-AB1C-4342-98DD-479E7F801807}
		{B0998C79-9FE1-4544-A28B-D1DD3BD678EE} = {C4617FDC-AF14-4157-8A2E-9F34736DB6E8}
		{60F5BD88-92AA-4E9C-A6F9-58B45576BBD6} = {C4617FDC-AF14-4157-8A2E-9F34736DB6E8}
		{4EF01F5E-B5BC-4FD9-A7AA-72390B125472} = {C4617FDC-AF14-4157-8A2E-9F34736DB6E8}
		{FEDC6C2F-B929-4A84-8404-35925E71D79A} = {C4617FDC-AF14-4157-8A2E-9F34736DB6E8}
		{AD420AAE-90DF-45BD-8C01-59CF47757477} = {C4617FDC-AF14-4157-8A2E-9F34736DB6E8}
		{9050304D-B631-42B6-9421-E7C66B44239B} = {C4617FDC-AF14-4157-8A2E-9F34736DB6E8}
		{B9A8AE41-E43F-4230-9227-428D3B05B5B8} = {C4617FDC-AF14-4157-8A2E-9F34736DB6E8}
		{CEF43F1B-6E34-4A86-B0A6-9EDD323F38DA} = {A3BD36CB-6A3A-44B3-A6B7-7B4595BC0C71}
		{87DDFCC0-8929-447D-A67B-E3AA9200B302} = {A3BD36CB-6A3A-44B3-A6B7-7B4595BC0C71}
	EndGlobalSection
	GlobalSection(ExtensibilityGlobals) = postSolution
		SolutionGuid = {6AE2931D-D34E-47E1-B261-FE37D79E56C0}
	EndGlobalSection
EndGlobal
